
Microsoft Visual Studio Solution File, Format Version 12.00
# Visual Studio Version 17
VisualStudioVersion = 17.6.33723.286
MinimumVisualStudioVersion = 10.0.40219.1
Project("{FAE04EC0-301F-11D3-BF4B-00C04F79EFBC}") = "EmlakOtomasyon", "EmlakOtomasyon\EmlakOtomasyon.csproj", "{031763ED-72E7-4B9A-B41D-4EF95C968484}"
EndProject
Global
	GlobalSection(SolutionConfigurationPlatforms) = preSolution
		Debug|Any CPU = Debug|Any CPU
		Release|Any CPU = Release|Any CPU
	EndGlobalSection
	GlobalSection(ProjectConfigurationPlatforms) = postSolution
		{031763ED-72E7-4B9A-B41D-4EF95C968484}.Debug|Any CPU.ActiveCfg = Debug|Any CPU
		{031763ED-72E7-4B9A-B41D-4EF95C968484}.Debug|Any CPU.Build.0 = Debug|Any CPU
		{031763ED-72E7-4B9A-B41D-4EF95C968484}.Release|Any CPU.ActiveCfg = Release|Any CPU
		{031763ED-72E7-4B9A-B41D-4EF95C968484}.Release|Any CPU.Build.0 = Release|Any CPU
	EndGlobalSection
	GlobalSection(SolutionProperties) = preSolution
		HideSolutionNode = FALSE
	EndGlobalSection
	GlobalSection(ExtensibilityGlobals) = postSolution
		SolutionGuid = {E60912FE-F418-4B3F-B40A-0F3D55C4710E}
	EndGlobalSection
EndGlobal
